
Microsoft Visual Studio Solution File, Format Version 12.00
# Visual Studio Version 17
VisualStudioVersion = 17.4.33103.184
MinimumVisualStudioVersion = 10.0.40219.1
Project("{FAE04EC0-301F-11D3-BF4B-00C04F79EFBC}") = "NorthwindControl", "NorthwindControl\NorthwindControl.csproj", "{092477DE-412B-4043-8159-93FDA97F99AB}"
EndProject
Global
	GlobalSection(SolutionConfigurationPlatforms) = preSolution
		Debug|Any CPU = Debug|Any CPU
		Release|Any CPU = Release|Any CPU
	EndGlobalSection
	GlobalSection(ProjectConfigurationPlatforms) = postSolution
		{092477DE-412B-4043-8159-93FDA97F99AB}.Debug|Any CPU.ActiveCfg = Debug|Any CPU
		{092477DE-412B-4043-8159-93FDA97F99AB}.Debug|Any CPU.Build.0 = Debug|Any CPU
		{092477DE-412B-4043-8159-93FDA97F99AB}.Release|Any CPU.ActiveCfg = Release|Any CPU
		{092477DE-412B-4043-8159-93FDA97F99AB}.Release|Any CPU.Build.0 = Release|Any CPU
	EndGlobalSection
	GlobalSection(SolutionProperties) = preSolution
		HideSolutionNode = FALSE
	EndGlobalSection
	GlobalSection(ExtensibilityGlobals) = postSolution
		SolutionGuid = {D24F7747-5C89-425F-B535-78BBAE34FD14}
	EndGlobalSection
EndGlobal
